
Microsoft Visual Studio Solution File, Format Version 12.00
# Visual Studio Version 16
VisualStudioVersion = 16.0.30104.148
MinimumVisualStudioVersion = 10.0.40219.1
Project("{FAE04EC0-301F-11D3-BF4B-00C04F79EFBC}") = "OfficeAutomation", "OfficeAutomation.csproj", "{D1A60258-35CC-48D5-B874-248D68DD6C35}"
EndProject
Project("{54435603-DBB4-11D2-8724-00A0C9A8B90C}") = "OfficeAutomationSetup", "OfficeAutomationSetup\OfficeAutomationSetup.vdproj", "{713761C9-20F9-438A-82CD-F1AF52AF86D8}"
EndProject
Project("{FAE04EC0-301F-11D3-BF4B-00C04F79EFBC}") = "AutoUpdate", "AutoUpdate\AutoUpdate.csproj", "{21338774-992F-4E1A-867B-248B513BCD50}"
EndProject
Project("{2150E333-8FDC-42A3-9474-1A3956D46DE8}") = "Solution Items", "Solution Items", "{432A1C74-4BAC-4D8B-A4F4-7B2E6A5F01B9}"
	ProjectSection(SolutionItems) = preProject
		AutoUpdate\bin\Release\AutoUpdate.exe = AutoUpdate\bin\Release\AutoUpdate.exe
	EndProjectSection
EndProject
Global
	GlobalSection(SolutionConfigurationPlatforms) = preSolution
		Debug|Any CPU = Debug|Any CPU
		Release|Any CPU = Release|Any CPU
	EndGlobalSection
	GlobalSection(ProjectConfigurationPlatforms) = postSolution
		{D1A60258-35CC-48D5-B874-248D68DD6C35}.Debug|Any CPU.ActiveCfg = Debug|Any CPU
		{D1A60258-35CC-48D5-B874-248D68DD6C35}.Debug|Any CPU.Build.0 = Debug|Any CPU
		{D1A60258-35CC-48D5-B874-248D68DD6C35}.Release|Any CPU.ActiveCfg = Release|Any CPU
		{D1A60258-35CC-48D5-B874-248D68DD6C35}.Release|Any CPU.Build.0 = Release|Any CPU
		{713761C9-20F9-438A-82CD-F1AF52AF86D8}.Debug|Any CPU.ActiveCfg = Debug
		{713761C9-20F9-438A-82CD-F1AF52AF86D8}.Release|Any CPU.ActiveCfg = Release
		{713761C9-20F9-438A-82CD-F1AF52AF86D8}.Release|Any CPU.Build.0 = Release
		{21338774-992F-4E1A-867B-248B513BCD50}.Debug|Any CPU.ActiveCfg = Debug|Any CPU
		{21338774-992F-4E1A-867B-248B513BCD50}.Debug|Any CPU.Build.0 = Debug|Any CPU
		{21338774-992F-4E1A-867B-248B513BCD50}.Release|Any CPU.ActiveCfg = Release|Any CPU
		{21338774-992F-4E1A-867B-248B513BCD50}.Release|Any CPU.Build.0 = Release|Any CPU
	EndGlobalSection
	GlobalSection(SolutionProperties) = preSolution
		HideSolutionNode = FALSE
	EndGlobalSection
	GlobalSection(ExtensibilityGlobals) = postSolution
		SolutionGuid = {BAEEE2A8-1D3E-49F1-8929-52BD9A149148}
	EndGlobalSection
EndGlobal
